
Microsoft Visual Studio Solution File, Format Version 12.00
# Visual Studio 15
VisualStudioVersion = 15.0.28307.168
MinimumVisualStudioVersion = 10.0.40219.1
Project("{FAE04EC0-301F-11D3-BF4B-00C04F79EFBC}") = "WaveformGenerator33500BApi", "WaveformGenerator33500BApi\WaveformGenerator33500BApi.csproj", "{10D63704-2DE2-4E26-B4A3-4C483AF1197C}"
EndProject
Project("{FAE04EC0-301F-11D3-BF4B-00C04F79EFBC}") = "WaveformGenerator33500BApp", "WaveformGenerator33500BApp\WaveformGenerator33500BApp.csproj", "{EA7F652C-C401-4A46-979C-67EFC25C03AE}"
EndProject
Global
	GlobalSection(SolutionConfigurationPlatforms) = preSolution
		Debug|Any CPU = Debug|Any CPU
		Release|Any CPU = Release|Any CPU
	EndGlobalSection
	GlobalSection(ProjectConfigurationPlatforms) = postSolution
		{10D63704-2DE2-4E26-B4A3-4C483AF1197C}.Debug|Any CPU.ActiveCfg = Debug|Any CPU
		{10D63704-2DE2-4E26-B4A3-4C483AF1197C}.Debug|Any CPU.Build.0 = Debug|Any CPU
		{10D63704-2DE2-4E26-B4A3-4C483AF1197C}.Release|Any CPU.ActiveCfg = Release|Any CPU
		{10D63704-2DE2-4E26-B4A3-4C483AF1197C}.Release|Any CPU.Build.0 = Release|Any CPU
		{EA7F652C-C401-4A46-979C-67EFC25C03AE}.Debug|Any CPU.ActiveCfg = Debug|Any CPU
		{EA7F652C-C401-4A46-979C-67EFC25C03AE}.Debug|Any CPU.Build.0 = Debug|Any CPU
		{EA7F652C-C401-4A46-979C-67EFC25C03AE}.Release|Any CPU.ActiveCfg = Release|Any CPU
		{EA7F652C-C401-4A46-979C-67EFC25C03AE}.Release|Any CPU.Build.0 = Release|Any CPU
	EndGlobalSection
	GlobalSection(SolutionProperties) = preSolution
		HideSolutionNode = FALSE
	EndGlobalSection
	GlobalSection(ExtensibilityGlobals) = postSolution
		SolutionGuid = {394C2FCF-38CC-466F-9FAC-55C39161DBEF}
	EndGlobalSection
EndGlobal
